// !$*UTF8*$!
{
	archiveVersion = 1;
	classes = {
	};
	objectVersion = 56;
	objects = {

/* Begin PBXBuildFile section */
		0724363629668F270003EFCF /* FeedCell.swift in Sources */ = {isa = PBXBuildFile; fileRef = 0724363529668F270003EFCF /* FeedCell.swift */; };
		0724363A296691AA0003EFCF /* Extension.swift in Sources */ = {isa = PBXBuildFile; fileRef = 07243639296691AA0003EFCF /* Extension.swift */; };
		076A37342967B1FB00A1507B /* LoginController.swift in Sources */ = {isa = PBXBuildFile; fileRef = 076A37332967B1FB00A1507B /* LoginController.swift */; };
		076A37362967B22800A1507B /* RegistrationController.swift in Sources */ = {isa = PBXBuildFile; fileRef = 076A37352967B22800A1507B /* RegistrationController.swift */; };
		076A373A2967B44800A1507B /* JGProgressHUD in Frameworks */ = {isa = PBXBuildFile; productRef = 076A37392967B44800A1507B /* JGProgressHUD */; };
		07A2BCCD2965ACFB00C3332F /* AppDelegate.swift in Sources */ = {isa = PBXBuildFile; fileRef = 07A2BCCC2965ACFB00C3332F /* AppDelegate.swift */; };
		07A2BCCF2965ACFB00C3332F /* SceneDelegate.swift in Sources */ = {isa = PBXBuildFile; fileRef = 07A2BCCE2965ACFB00C3332F /* SceneDelegate.swift */; };
		07A2BCD12965ACFB00C3332F /* ViewController.swift in Sources */ = {isa = PBXBuildFile; fileRef = 07A2BCD02965ACFB00C3332F /* ViewController.swift */; };
		07A2BCD42965ACFB00C3332F /* Main.storyboard in Resources */ = {isa = PBXBuildFile; fileRef = 07A2BCD22965ACFB00C3332F /* Main.storyboard */; };
		07A2BCD62965ACFC00C3332F /* Assets.xcassets in Resources */ = {isa = PBXBuildFile; fileRef = 07A2BCD52965ACFC00C3332F /* Assets.xcassets */; };
		07A2BCD92965ACFC00C3332F /* LaunchScreen.storyboard in Resources */ = {isa = PBXBuildFile; fileRef = 07A2BCD72965ACFC00C3332F /* LaunchScreen.storyboard */; };
		07A2BCE72965ADDC00C3332F /* MainTabController.swift in Sources */ = {isa = PBXBuildFile; fileRef = 07A2BCE62965ADDC00C3332F /* MainTabController.swift */; };
		07A2BCE92965B19D00C3332F /* FeedController.swift in Sources */ = {isa = PBXBuildFile; fileRef = 07A2BCE82965B19D00C3332F /* FeedController.swift */; };
		07A2BCEB2965B1B500C3332F /* SearchController.swift in Sources */ = {isa = PBXBuildFile; fileRef = 07A2BCEA2965B1B500C3332F /* SearchController.swift */; };
		07A2BCED2965B1E100C3332F /* ImageSelectorController.swift in Sources */ = {isa = PBXBuildFile; fileRef = 07A2BCEC2965B1E100C3332F /* ImageSelectorController.swift */; };
		07A2BCEF2965B1F600C3332F /* NotificationController.swift in Sources */ = {isa = PBXBuildFile; fileRef = 07A2BCEE2965B1F600C3332F /* NotificationController.swift */; };
		07A2BCF12965B21300C3332F /* ProfileController.swift in Sources */ = {isa = PBXBuildFile; fileRef = 07A2BCF02965B21300C3332F /* ProfileController.swift */; };
/* End PBXBuildFile section */

/* Begin PBXFileReference section */
		0724363529668F270003EFCF /* FeedCell.swift */ = {isa = PBXFileReference; lastKnownFileType = sourcecode.swift; path = FeedCell.swift; sourceTree = "<group>"; };
		07243639296691AA0003EFCF /* Extension.swift */ = {isa = PBXFileReference; lastKnownFileType = sourcecode.swift; path = Extension.swift; sourceTree = "<group>"; };
		076A37332967B1FB00A1507B /* LoginController.swift */ = {isa = PBXFileReference; lastKnownFileType = sourcecode.swift; path = LoginController.swift; sourceTree = "<group>"; };
		076A37352967B22800A1507B /* RegistrationController.swift */ = {isa = PBXFileReference; lastKnownFileType = sourcecode.swift; path = RegistrationController.swift; sourceTree = "<group>"; };
		07A2BCC92965ACFB00C3332F /* InstagramFirestoreTutorial.app */ = {isa = PBXFileReference; explicitFileType = wrapper.application; includeInIndex = 0; path = InstagramFirestoreTutorial.app; sourceTree = BUILT_PRODUCTS_DIR; };
		07A2BCCC2965ACFB00C3332F /* AppDelegate.swift */ = {isa = PBXFileReference; lastKnownFileType = sourcecode.swift; path = AppDelegate.swift; sourceTree = "<group>"; };
		07A2BCCE2965ACFB00C3332F /* SceneDelegate.swift */ = {isa = PBXFileReference; lastKnownFileType = sourcecode.swift; path = SceneDelegate.swift; sourceTree = "<group>"; };
		07A2BCD02965ACFB00C3332F /* ViewController.swift */ = {isa = PBXFileReference; lastKnownFileType = sourcecode.swift; path = ViewController.swift; sourceTree = "<group>"; };
		07A2BCD32965ACFB00C3332F /* Base */ = {isa = PBXFileReference; lastKnownFileType = file.storyboard; name = Base; path = Base.lproj/Main.storyboard; sourceTree = "<group>"; };
		07A2BCD52965ACFC00C3332F /* Assets.xcassets */ = {isa = PBXFileReference; lastKnownFileType = folder.assetcatalog; path = Assets.xcassets; sourceTree = "<group>"; };
		07A2BCD82965ACFC00C3332F /* Base */ = {isa = PBXFileReference; lastKnownFileType = file.storyboard; name = Base; path = Base.lproj/LaunchScreen.storyboard; sourceTree = "<group>"; };
		07A2BCDA2965ACFC00C3332F /* Info.plist */ = {isa = PBXFileReference; lastKnownFileType = text.plist.xml; path = Info.plist; sourceTree = "<group>"; };
		07A2BCE62965ADDC00C3332F /* MainTabController.swift */ = {isa = PBXFileReference; lastKnownFileType = sourcecode.swift; path = MainTabController.swift; sourceTree = "<group>"; };
		07A2BCE82965B19D00C3332F /* FeedController.swift */ = {isa = PBXFileReference; lastKnownFileType = sourcecode.swift; path = FeedController.swift; sourceTree = "<group>"; };
		07A2BCEA2965B1B500C3332F /* SearchController.swift */ = {isa = PBXFileReference; lastKnownFileType = sourcecode.swift; path = SearchController.swift; sourceTree = "<group>"; };
		07A2BCEC2965B1E100C3332F /* ImageSelectorController.swift */ = {isa = PBXFileReference; lastKnownFileType = sourcecode.swift; path = ImageSelectorController.swift; sourceTree = "<group>"; };
		07A2BCEE2965B1F600C3332F /* NotificationController.swift */ = {isa = PBXFileReference; lastKnownFileType = sourcecode.swift; path = NotificationController.swift; sourceTree = "<group>"; };
		07A2BCF02965B21300C3332F /* ProfileController.swift */ = {isa = PBXFileReference; lastKnownFileType = sourcecode.swift; path = ProfileController.swift; sourceTree = "<group>"; };
/* End PBXFileReference section */

/* Begin PBXFrameworksBuildPhase section */
		07A2BCC62965ACFB00C3332F /* Frameworks */ = {
			isa = PBXFrameworksBuildPhase;
			buildActionMask = 2147483647;
			files = (
				076A373A2967B44800A1507B /* JGProgressHUD in Frameworks */,
			);
			runOnlyForDeploymentPostprocessing = 0;
		};
/* End PBXFrameworksBuildPhase section */

/* Begin PBXGroup section */
		076A37322967B1C800A1507B /* Authentication */ = {
			isa = PBXGroup;
			children = (
				076A37332967B1FB00A1507B /* LoginController.swift */,
				076A37352967B22800A1507B /* RegistrationController.swift */,
			);
			path = Authentication;
			sourceTree = "<group>";
		};
		07A2BCC02965ACFB00C3332F = {
			isa = PBXGroup;
			children = (
				07A2BCCB2965ACFB00C3332F /* InstagramFirestoreTutorial */,
				07A2BCCA2965ACFB00C3332F /* Products */,
			);
			sourceTree = "<group>";
		};
		07A2BCCA2965ACFB00C3332F /* Products */ = {
			isa = PBXGroup;
			children = (
				07A2BCC92965ACFB00C3332F /* InstagramFirestoreTutorial.app */,
			);
			name = Products;
			sourceTree = "<group>";
		};
		07A2BCCB2965ACFB00C3332F /* InstagramFirestoreTutorial */ = {
			isa = PBXGroup;
			children = (
				07A2BCE52965AD3800C3332F /* Model */,
				07A2BCE42965AD3600C3332F /* View */,
				07A2BCE32965AD3300C3332F /* ViewModel */,
				07A2BCE22965AD3000C3332F /* Controller */,
				07A2BCE12965AD2E00C3332F /* API */,
				07A2BCE02965AD2600C3332F /* Utils */,
				07A2BCCC2965ACFB00C3332F /* AppDelegate.swift */,
				07A2BCCE2965ACFB00C3332F /* SceneDelegate.swift */,
				07A2BCD02965ACFB00C3332F /* ViewController.swift */,
				07A2BCD22965ACFB00C3332F /* Main.storyboard */,
				07A2BCD52965ACFC00C3332F /* Assets.xcassets */,
				07A2BCD72965ACFC00C3332F /* LaunchScreen.storyboard */,
				07A2BCDA2965ACFC00C3332F /* Info.plist */,
			);
			path = InstagramFirestoreTutorial;
			sourceTree = "<group>";
		};
		07A2BCE02965AD2600C3332F /* Utils */ = {
			isa = PBXGroup;
			children = (
				07243639296691AA0003EFCF /* Extension.swift */,
			);
			path = Utils;
			sourceTree = "<group>";
		};
		07A2BCE12965AD2E00C3332F /* API */ = {
			isa = PBXGroup;
			children = (
			);
			path = API;
			sourceTree = "<group>";
		};
		07A2BCE22965AD3000C3332F /* Controller */ = {
			isa = PBXGroup;
			children = (
				076A37322967B1C800A1507B /* Authentication */,
				07A2BCE62965ADDC00C3332F /* MainTabController.swift */,
				07A2BCE82965B19D00C3332F /* FeedController.swift */,
				07A2BCEA2965B1B500C3332F /* SearchController.swift */,
				07A2BCEC2965B1E100C3332F /* ImageSelectorController.swift */,
				07A2BCEE2965B1F600C3332F /* NotificationController.swift */,
				07A2BCF02965B21300C3332F /* ProfileController.swift */,
			);
			path = Controller;
			sourceTree = "<group>";
		};
		07A2BCE32965AD3300C3332F /* ViewModel */ = {
			isa = PBXGroup;
			children = (
			);
			path = ViewModel;
			sourceTree = "<group>";
		};
		07A2BCE42965AD3600C3332F /* View */ = {
			isa = PBXGroup;
			children = (
				0724363529668F270003EFCF /* FeedCell.swift */,
			);
			path = View;
			sourceTree = "<group>";
		};
		07A2BCE52965AD3800C3332F /* Model */ = {
			isa = PBXGroup;
			children = (
			);
			path = Model;
			sourceTree = "<group>";
		};
/* End PBXGroup section */

/* Begin PBXNativeTarget section */
		07A2BCC82965ACFB00C3332F /* InstagramFirestoreTutorial */ = {
			isa = PBXNativeTarget;
			buildConfigurationList = 07A2BCDD2965ACFC00C3332F /* Build configuration list for PBXNativeTarget "InstagramFirestoreTutorial" */;
			buildPhases = (
				07A2BCC52965ACFB00C3332F /* Sources */,
				07A2BCC62965ACFB00C3332F /* Frameworks */,
				07A2BCC72965ACFB00C3332F /* Resources */,
			);
			buildRules = (
			);
			dependencies = (
			);
			name = InstagramFirestoreTutorial;
			packageProductDependencies = (
				076A37392967B44800A1507B /* JGProgressHUD */,
			);
			productName = InstagramFirestoreTutorial;
			productReference = 07A2BCC92965ACFB00C3332F /* InstagramFirestoreTutorial.app */;
			productType = "com.apple.product-type.application";
		};
/* End PBXNativeTarget section */

/* Begin PBXProject section */
		07A2BCC12965ACFB00C3332F /* Project object */ = {
			isa = PBXProject;
			attributes = {
				BuildIndependentTargetsInParallel = 1;
				LastSwiftUpdateCheck = 1400;
				LastUpgradeCheck = 1400;
				TargetAttributes = {
					07A2BCC82965ACFB00C3332F = {
						CreatedOnToolsVersion = 14.0.1;
					};
				};
			};
			buildConfigurationList = 07A2BCC42965ACFB00C3332F /* Build configuration list for PBXProject "InstagramFirestoreTutorial" */;
			compatibilityVersion = "Xcode 14.0";
			developmentRegion = en;
			hasScannedForEncodings = 0;
			knownRegions = (
				en,
				Base,
			);
			mainGroup = 07A2BCC02965ACFB00C3332F;
			packageReferences = (
				076A37382967B44800A1507B /* XCRemoteSwiftPackageReference "JGProgressHUD" */,
			);
			productRefGroup = 07A2BCCA2965ACFB00C3332F /* Products */;
			projectDirPath = "";
			projectRoot = "";
			targets = (
				07A2BCC82965ACFB00C3332F /* InstagramFirestoreTutorial */,
			);
		};
/* End PBXProject section */

/* Begin PBXResourcesBuildPhase section */
		07A2BCC72965ACFB00C3332F /* Resources */ = {
			isa = PBXResourcesBuildPhase;
			buildActionMask = 2147483647;
			files = (
				07A2BCD92965ACFC00C3332F /* LaunchScreen.storyboard in Resources */,
				07A2BCD62965ACFC00C3332F /* Assets.xcassets in Resources */,
				07A2BCD42965ACFB00C3332F /* Main.storyboard in Resources */,
			);
			runOnlyForDeploymentPostprocessing = 0;
		};
/* End PBXResourcesBuildPhase section */

/* Begin PBXSourcesBuildPhase section */
		07A2BCC52965ACFB00C3332F /* Sources */ = {
			isa = PBXSourcesBuildPhase;
			buildActionMask = 2147483647;
			files = (
				07A2BCD12965ACFB00C3332F /* ViewController.swift in Sources */,
				076A37342967B1FB00A1507B /* LoginController.swift in Sources */,
				0724363629668F270003EFCF /* FeedCell.swift in Sources */,
				07A2BCED2965B1E100C3332F /* ImageSelectorController.swift in Sources */,
				07A2BCEF2965B1F600C3332F /* NotificationController.swift in Sources */,
				0724363A296691AA0003EFCF /* Extension.swift in Sources */,
				07A2BCEB2965B1B500C3332F /* SearchController.swift in Sources */,
				07A2BCCD2965ACFB00C3332F /* AppDelegate.swift in Sources */,
				07A2BCF12965B21300C3332F /* ProfileController.swift in Sources */,
				07A2BCE92965B19D00C3332F /* FeedController.swift in Sources */,
				07A2BCE72965ADDC00C3332F /* MainTabController.swift in Sources */,
				07A2BCCF2965ACFB00C3332F /* SceneDelegate.swift in Sources */,
				076A37362967B22800A1507B /* RegistrationController.swift in Sources */,
			);
			runOnlyForDeploymentPostprocessing = 0;
		};
/* End PBXSourcesBuildPhase section */

/* Begin PBXVariantGroup section */
		07A2BCD22965ACFB00C3332F /* Main.storyboard */ = {
			isa = PBXVariantGroup;
			children = (
				07A2BCD32965ACFB00C3332F /* Base */,
			);
			name = Main.storyboard;
			sourceTree = "<group>";
		};
		07A2BCD72965ACFC00C3332F /* LaunchScreen.storyboard */ = {
			isa = PBXVariantGroup;
			children = (
				07A2BCD82965ACFC00C3332F /* Base */,
			);
			name = LaunchScreen.storyboard;
			sourceTree = "<group>";
		};
/* End PBXVariantGroup section */

/* Begin XCBuildConfiguration section */
		07A2BCDB2965ACFC00C3332F /* Debug */ = {
			isa = XCBuildConfiguration;
			buildSettings = {
				ALWAYS_SEARCH_USER_PATHS = NO;
				CLANG_ANALYZER_NONNULL = YES;
				CLANG_ANALYZER_NUMBER_OBJECT_CONVERSION = YES_AGGRESSIVE;
				CLANG_CXX_LANGUAGE_STANDARD = "gnu++20";
				CLANG_ENABLE_MODULES = YES;
				CLANG_ENABLE_OBJC_ARC = YES;
				CLANG_ENABLE_OBJC_WEAK = YES;
				CLANG_WARN_BLOCK_CAPTURE_AUTORELEASING = YES;
				CLANG_WARN_BOOL_CONVERSION = YES;
				CLANG_WARN_COMMA = YES;
				CLANG_WARN_CONSTANT_CONVERSION = YES;
				CLANG_WARN_DEPRECATED_OBJC_IMPLEMENTATIONS = YES;
				CLANG_WARN_DIRECT_OBJC_ISA_USAGE = YES_ERROR;
				CLANG_WARN_DOCUMENTATION_COMMENTS = YES;
				CLANG_WARN_EMPTY_BODY = YES;
				CLANG_WARN_ENUM_CONVERSION = YES;
				CLANG_WARN_INFINITE_RECURSION = YES;
				CLANG_WARN_INT_CONVERSION = YES;
				CLANG_WARN_NON_LITERAL_NULL_CONVERSION = YES;
				CLANG_WARN_OBJC_IMPLICIT_RETAIN_SELF = YES;
				CLANG_WARN_OBJC_LITERAL_CONVERSION = YES;
				CLANG_WARN_OBJC_ROOT_CLASS = YES_ERROR;
				CLANG_WARN_QUOTED_INCLUDE_IN_FRAMEWORK_HEADER = YES;
				CLANG_WARN_RANGE_LOOP_ANALYSIS = YES;
				CLANG_WARN_STRICT_PROTOTYPES = YES;
				CLANG_WARN_SUSPICIOUS_MOVE = YES;
				CLANG_WARN_UNGUARDED_AVAILABILITY = YES_AGGRESSIVE;
				CLANG_WARN_UNREACHABLE_CODE = YES;
				CLANG_WARN__DUPLICATE_METHOD_MATCH = YES;
				COPY_PHASE_STRIP = NO;
				DEBUG_INFORMATION_FORMAT = dwarf;
				ENABLE_STRICT_OBJC_MSGSEND = YES;
				ENABLE_TESTABILITY = YES;
				GCC_C_LANGUAGE_STANDARD = gnu11;
				GCC_DYNAMIC_NO_PIC = NO;
				GCC_NO_COMMON_BLOCKS = YES;
				GCC_OPTIMIZATION_LEVEL = 0;
				GCC_PREPROCESSOR_DEFINITIONS = (
					"DEBUG=1",
					"$(inherited)",
				);
				GCC_WARN_64_TO_32_BIT_CONVERSION = YES;
				GCC_WARN_ABOUT_RETURN_TYPE = YES_ERROR;
				GCC_WARN_UNDECLARED_SELECTOR = YES;
				GCC_WARN_UNINITIALIZED_AUTOS = YES_AGGRESSIVE;
				GCC_WARN_UNUSED_FUNCTION = YES;
				GCC_WARN_UNUSED_VARIABLE = YES;
				IPHONEOS_DEPLOYMENT_TARGET = 16.0;
				MTL_ENABLE_DEBUG_INFO = INCLUDE_SOURCE;
				MTL_FAST_MATH = YES;
				ONLY_ACTIVE_ARCH = YES;
				SDKROOT = iphoneos;
				SWIFT_ACTIVE_COMPILATION_CONDITIONS = DEBUG;
				SWIFT_OPTIMIZATION_LEVEL = "-Onone";
			};
			name = Debug;
		};
		07A2BCDC2965ACFC00C3332F /* Release */ = {
			isa = XCBuildConfiguration;
			buildSettings = {
				ALWAYS_SEARCH_USER_PATHS = NO;
				CLANG_ANALYZER_NONNULL = YES;
				CLANG_ANALYZER_NUMBER_OBJECT_CONVERSION = YES_AGGRESSIVE;
				CLANG_CXX_LANGUAGE_STANDARD = "gnu++20";
				CLANG_ENABLE_MODULES = YES;
				CLANG_ENABLE_OBJC_ARC = YES;
				CLANG_ENABLE_OBJC_WEAK = YES;
				CLANG_WARN_BLOCK_CAPTURE_AUTORELEASING = YES;
				CLANG_WARN_BOOL_CONVERSION = YES;
				CLANG_WARN_COMMA = YES;
				CLANG_WARN_CONSTANT_CONVERSION = YES;
				CLANG_WARN_DEPRECATED_OBJC_IMPLEMENTATIONS = YES;
				CLANG_WARN_DIRECT_OBJC_ISA_USAGE = YES_ERROR;
				CLANG_WARN_DOCUMENTATION_COMMENTS = YES;
				CLANG_WARN_EMPTY_BODY = YES;
				CLANG_WARN_ENUM_CONVERSION = YES;
				CLANG_WARN_INFINITE_RECURSION = YES;
				CLANG_WARN_INT_CONVERSION = YES;
				CLANG_WARN_NON_LITERAL_NULL_CONVERSION = YES;
				CLANG_WARN_OBJC_IMPLICIT_RETAIN_SELF = YES;
				CLANG_WARN_OBJC_LITERAL_CONVERSION = YES;
				CLANG_WARN_OBJC_ROOT_CLASS = YES_ERROR;
				CLANG_WARN_QUOTED_INCLUDE_IN_FRAMEWORK_HEADER = YES;
				CLANG_WARN_RANGE_LOOP_ANALYSIS = YES;
				CLANG_WARN_STRICT_PROTOTYPES = YES;
				CLANG_WARN_SUSPICIOUS_MOVE = YES;
				CLANG_WARN_UNGUARDED_AVAILABILITY = YES_AGGRESSIVE;
				CLANG_WARN_UNREACHABLE_CODE = YES;
				CLANG_WARN__DUPLICATE_METHOD_MATCH = YES;
				COPY_PHASE_STRIP = NO;
				DEBUG_INFORMATION_FORMAT = "dwarf-with-dsym";
				ENABLE_NS_ASSERTIONS = NO;
				ENABLE_STRICT_OBJC_MSGSEND = YES;
				GCC_C_LANGUAGE_STANDARD = gnu11;
				GCC_NO_COMMON_BLOCKS = YES;
				GCC_WARN_64_TO_32_BIT_CONVERSION = YES;
				GCC_WARN_ABOUT_RETURN_TYPE = YES_ERROR;
				GCC_WARN_UNDECLARED_SELECTOR = YES;
				GCC_WARN_UNINITIALIZED_AUTOS = YES_AGGRESSIVE;
				GCC_WARN_UNUSED_FUNCTION = YES;
				GCC_WARN_UNUSED_VARIABLE = YES;
				IPHONEOS_DEPLOYMENT_TARGET = 16.0;
				MTL_ENABLE_DEBUG_INFO = NO;
				MTL_FAST_MATH = YES;
				SDKROOT = iphoneos;
				SWIFT_COMPILATION_MODE = wholemodule;
				SWIFT_OPTIMIZATION_LEVEL = "-O";
				VALIDATE_PRODUCT = YES;
			};
			name = Release;
		};
		07A2BCDE2965ACFC00C3332F /* Debug */ = {
			isa = XCBuildConfiguration;
			buildSettings = {
				ASSETCATALOG_COMPILER_APPICON_NAME = AppIcon;
				ASSETCATALOG_COMPILER_GLOBAL_ACCENT_COLOR_NAME = AccentColor;
				CODE_SIGN_STYLE = Automatic;
				CURRENT_PROJECT_VERSION = 1;
				DEVELOPMENT_TEAM = 2V279GTPCN;
				GENERATE_INFOPLIST_FILE = YES;
				INFOPLIST_FILE = InstagramFirestoreTutorial/Info.plist;
				INFOPLIST_KEY_UIApplicationSupportsIndirectInputEvents = YES;
				INFOPLIST_KEY_UILaunchStoryboardName = LaunchScreen;
				INFOPLIST_KEY_UIMainStoryboardFile = Main;
				INFOPLIST_KEY_UISupportedInterfaceOrientations_iPad = "UIInterfaceOrientationPortrait UIInterfaceOrientationPortraitUpsideDown UIInterfaceOrientationLandscapeLeft UIInterfaceOrientationLandscapeRight";
				INFOPLIST_KEY_UISupportedInterfaceOrientations_iPhone = "UIInterfaceOrientationPortrait UIInterfaceOrientationLandscapeLeft UIInterfaceOrientationLandscapeRight";
				LD_RUNPATH_SEARCH_PATHS = (
					"$(inherited)",
					"@executable_path/Frameworks",
				);
				MARKETING_VERSION = 1.0;
				PRODUCT_BUNDLE_IDENTIFIER = com.Ha.InstagramFirestoreTutorial;
				PRODUCT_NAME = "$(TARGET_NAME)";
				SWIFT_EMIT_LOC_STRINGS = YES;
				SWIFT_VERSION = 5.0;
				TARGETED_DEVICE_FAMILY = "1,2";
			};
			name = Debug;
		};
		07A2BCDF2965ACFC00C3332F /* Release */ = {
			isa = XCBuildConfiguration;
			buildSettings = {
				ASSETCATALOG_COMPILER_APPICON_NAME = AppIcon;
				ASSETCATALOG_COMPILER_GLOBAL_ACCENT_COLOR_NAME = AccentColor;
				CODE_SIGN_STYLE = Automatic;
				CURRENT_PROJECT_VERSION = 1;
				DEVELOPMENT_TEAM = 2V279GTPCN;
				GENERATE_INFOPLIST_FILE = YES;
				INFOPLIST_FILE = InstagramFirestoreTutorial/Info.plist;
				INFOPLIST_KEY_UIApplicationSupportsIndirectInputEvents = YES;
				INFOPLIST_KEY_UILaunchStoryboardName = LaunchScreen;
				INFOPLIST_KEY_UIMainStoryboardFile = Main;
				INFOPLIST_KEY_UISupportedInterfaceOrientations_iPad = "UIInterfaceOrientationPortrait UIInterfaceOrientationPortraitUpsideDown UIInterfaceOrientationLandscapeLeft UIInterfaceOrientationLandscapeRight";
				INFOPLIST_KEY_UISupportedInterfaceOrientations_iPhone = "UIInterfaceOrientationPortrait UIInterfaceOrientationLandscapeLeft UIInterfaceOrientationLandscapeRight";
				LD_RUNPATH_SEARCH_PATHS = (
					"$(inherited)",
					"@executable_path/Frameworks",
				);
				MARKETING_VERSION = 1.0;
				PRODUCT_BUNDLE_IDENTIFIER = com.Ha.InstagramFirestoreTutorial;
				PRODUCT_NAME = "$(TARGET_NAME)";
				SWIFT_EMIT_LOC_STRINGS = YES;
				SWIFT_VERSION = 5.0;
				TARGETED_DEVICE_FAMILY = "1,2";
			};
			name = Release;
		};
/* End XCBuildConfiguration section */

/* Begin XCConfigurationList section */
		07A2BCC42965ACFB00C3332F /* Build configuration list for PBXProject "InstagramFirestoreTutorial" */ = {
			isa = XCConfigurationList;
			buildConfigurations = (
				07A2BCDB2965ACFC00C3332F /* Debug */,
				07A2BCDC2965ACFC00C3332F /* Release */,
			);
			defaultConfigurationIsVisible = 0;
			defaultConfigurationName = Release;
		};
		07A2BCDD2965ACFC00C3332F /* Build configuration list for PBXNativeTarget "InstagramFirestoreTutorial" */ = {
			isa = XCConfigurationList;
			buildConfigurations = (
				07A2BCDE2965ACFC00C3332F /* Debug */,
				07A2BCDF2965ACFC00C3332F /* Release */,
			);
			defaultConfigurationIsVisible = 0;
			defaultConfigurationName = Release;
		};
/* End XCConfigurationList section */

/* Begin XCRemoteSwiftPackageReference section */
		076A37382967B44800A1507B /* XCRemoteSwiftPackageReference "JGProgressHUD" */ = {
			isa = XCRemoteSwiftPackageReference;
			repositoryURL = "https://github.com/JonasGessner/JGProgressHUD.git";
			requirement = {
				kind = upToNextMajorVersion;
				minimumVersion = 2.0.0;
			};
		};
/* End XCRemoteSwiftPackageReference section */

/* Begin XCSwiftPackageProductDependency section */
		076A37392967B44800A1507B /* JGProgressHUD */ = {
			isa = XCSwiftPackageProductDependency;
			package = 076A37382967B44800A1507B /* XCRemoteSwiftPackageReference "JGProgressHUD" */;
			productName = JGProgressHUD;
		};
/* End XCSwiftPackageProductDependency section */
	};
	rootObject = 07A2BCC12965ACFB00C3332F /* Project object */;
}
